
Microsoft Visual Studio Solution File, Format Version 12.00
# Visual Studio Version 16
VisualStudioVersion = 16.0.28917.181
MinimumVisualStudioVersion = 10.0.40219.1
Project("{9A19103F-16F7-4668-BE54-9A1E7A4F7556}") = "Web", "Web\Web.csproj", "{7466DCDB-0B78-4CC4-8F3A-A23ABCE91823}"
EndProject
Project("{9A19103F-16F7-4668-BE54-9A1E7A4F7556}") = "Services", "Services\Services.csproj", "{ABE9BC77-C2E3-4B3E-B755-5C274002C098}"
EndProject
Project("{9A19103F-16F7-4668-BE54-9A1E7A4F7556}") = "Models", "Models\Models.csproj", "{E2A6C45A-0AF1-4FA9-BE86-EADF411A203F}"
EndProject
Project("{9A19103F-16F7-4668-BE54-9A1E7A4F7556}") = "IServices", "IServices\IServices.csproj", "{83E95D21-979B-4E29-AA7D-C23D27B5B8C1}"
EndProject
Project("{9A19103F-16F7-4668-BE54-9A1E7A4F7556}") = "WebAssembly.Server", "WebAssembly\Server\WebAssembly.Server.csproj", "{FAD70F60-0A51-4346-B503-67EAAA02DCFE}"
EndProject
Project("{9A19103F-16F7-4668-BE54-9A1E7A4F7556}") = "WebAssembly.Client", "WebAssembly\Client\WebAssembly.Client.csproj", "{4C0C6221-1A68-43D0-838D-0B981D5DAB3E}"
EndProject
Project("{9A19103F-16F7-4668-BE54-9A1E7A4F7556}") = "WebAssembly.Shared", "WebAssembly\Shared\WebAssembly.Shared.csproj", "{FE8729B6-DC41-4137-90F7-0ABD0774CAE4}"
EndProject
Global
	GlobalSection(SolutionConfigurationPlatforms) = preSolution
		Debug|Any CPU = Debug|Any CPU
		Release|Any CPU = Release|Any CPU
	EndGlobalSection
	GlobalSection(ProjectConfigurationPlatforms) = postSolution
		{7466DCDB-0B78-4CC4-8F3A-A23ABCE91823}.Debug|Any CPU.ActiveCfg = Debug|Any CPU
		{7466DCDB-0B78-4CC4-8F3A-A23ABCE91823}.Debug|Any CPU.Build.0 = Debug|Any CPU
		{7466DCDB-0B78-4CC4-8F3A-A23ABCE91823}.Release|Any CPU.ActiveCfg = Release|Any CPU
		{7466DCDB-0B78-4CC4-8F3A-A23ABCE91823}.Release|Any CPU.Build.0 = Release|Any CPU
		{ABE9BC77-C2E3-4B3E-B755-5C274002C098}.Debug|Any CPU.ActiveCfg = Debug|Any CPU
		{ABE9BC77-C2E3-4B3E-B755-5C274002C098}.Debug|Any CPU.Build.0 = Debug|Any CPU
		{ABE9BC77-C2E3-4B3E-B755-5C274002C098}.Release|Any CPU.ActiveCfg = Release|Any CPU
		{ABE9BC77-C2E3-4B3E-B755-5C274002C098}.Release|Any CPU.Build.0 = Release|Any CPU
		{E2A6C45A-0AF1-4FA9-BE86-EADF411A203F}.Debug|Any CPU.ActiveCfg = Debug|Any CPU
		{E2A6C45A-0AF1-4FA9-BE86-EADF411A203F}.Debug|Any CPU.Build.0 = Debug|Any CPU
		{E2A6C45A-0AF1-4FA9-BE86-EADF411A203F}.Release|Any CPU.ActiveCfg = Release|Any CPU
		{E2A6C45A-0AF1-4FA9-BE86-EADF411A203F}.Release|Any CPU.Build.0 = Release|Any CPU
		{83E95D21-979B-4E29-AA7D-C23D27B5B8C1}.Debug|Any CPU.ActiveCfg = Debug|Any CPU
		{83E95D21-979B-4E29-AA7D-C23D27B5B8C1}.Debug|Any CPU.Build.0 = Debug|Any CPU
		{83E95D21-979B-4E29-AA7D-C23D27B5B8C1}.Release|Any CPU.ActiveCfg = Release|Any CPU
		{83E95D21-979B-4E29-AA7D-C23D27B5B8C1}.Release|Any CPU.Build.0 = Release|Any CPU
		{FAD70F60-0A51-4346-B503-67EAAA02DCFE}.Debug|Any CPU.ActiveCfg = Debug|Any CPU
		{FAD70F60-0A51-4346-B503-67EAAA02DCFE}.Debug|Any CPU.Build.0 = Debug|Any CPU
		{FAD70F60-0A51-4346-B503-67EAAA02DCFE}.Release|Any CPU.ActiveCfg = Release|Any CPU
		{FAD70F60-0A51-4346-B503-67EAAA02DCFE}.Release|Any CPU.Build.0 = Release|Any CPU
		{4C0C6221-1A68-43D0-838D-0B981D5DAB3E}.Debug|Any CPU.ActiveCfg = Debug|Any CPU
		{4C0C6221-1A68-43D0-838D-0B981D5DAB3E}.Debug|Any CPU.Build.0 = Debug|Any CPU
		{4C0C6221-1A68-43D0-838D-0B981D5DAB3E}.Release|Any CPU.ActiveCfg = Release|Any CPU
		{4C0C6221-1A68-43D0-838D-0B981D5DAB3E}.Release|Any CPU.Build.0 = Release|Any CPU
		{FE8729B6-DC41-4137-90F7-0ABD0774CAE4}.Debug|Any CPU.ActiveCfg = Debug|Any CPU
		{FE8729B6-DC41-4137-90F7-0ABD0774CAE4}.Debug|Any CPU.Build.0 = Debug|Any CPU
		{FE8729B6-DC41-4137-90F7-0ABD0774CAE4}.Release|Any CPU.ActiveCfg = Release|Any CPU
		{FE8729B6-DC41-4137-90F7-0ABD0774CAE4}.Release|Any CPU.Build.0 = Release|Any CPU
	EndGlobalSection
	GlobalSection(SolutionProperties) = preSolution
		HideSolutionNode = FALSE
	EndGlobalSection
	GlobalSection(ExtensibilityGlobals) = postSolution
		SolutionGuid = {28E998E4-7DF2-471F-A8FD-0A98480D9AEE}
	EndGlobalSection
	GlobalSection(MonoDevelopProperties) = preSolution
		Policies = $0
		$0.DotNetNamingPolicy = $1
		$1.DirectoryNamespaceAssociation = PrefixedHierarchical
		$0.StandardHeader = $2
		$0.VersionControlPolicy = $3
	EndGlobalSection
EndGlobal
